
Microsoft Visual Studio Solution File, Format Version 12.00
# Visual Studio 15
Project("{FAE04EC0-301F-11D3-BF4B-00C04F79EFBC}") = "Assembly-CSharp", "Assembly-CSharp.csproj", "{1FED8CF6-243B-398A-3DD6-E6ED8D1DC660}"
EndProject
Project("{FAE04EC0-301F-11D3-BF4B-00C04F79EFBC}") = "Assembly-CSharp-Editor", "Assembly-CSharp-Editor.csproj", "{7ED56DF2-3EC0-8359-731C-CE33DE8D175A}"
EndProject
Global
	GlobalSection(SolutionConfigurationPlatforms) = preSolution
		Debug|Any CPU = Debug|Any CPU
		Release|Any CPU = Release|Any CPU
	EndGlobalSection
	GlobalSection(ProjectConfigurationPlatforms) = postSolution
		{1FED8CF6-243B-398A-3DD6-E6ED8D1DC660}.Debug|Any CPU.ActiveCfg = Debug|Any CPU
		{1FED8CF6-243B-398A-3DD6-E6ED8D1DC660}.Debug|Any CPU.Build.0 = Debug|Any CPU
		{1FED8CF6-243B-398A-3DD6-E6ED8D1DC660}.Release|Any CPU.ActiveCfg = Release|Any CPU
		{1FED8CF6-243B-398A-3DD6-E6ED8D1DC660}.Release|Any CPU.Build.0 = Release|Any CPU
		{7ED56DF2-3EC0-8359-731C-CE33DE8D175A}.Debug|Any CPU.ActiveCfg = Debug|Any CPU
		{7ED56DF2-3EC0-8359-731C-CE33DE8D175A}.Debug|Any CPU.Build.0 = Debug|Any CPU
		{7ED56DF2-3EC0-8359-731C-CE33DE8D175A}.Release|Any CPU.ActiveCfg = Release|Any CPU
		{7ED56DF2-3EC0-8359-731C-CE33DE8D175A}.Release|Any CPU.Build.0 = Release|Any CPU
	EndGlobalSection
	GlobalSection(SolutionProperties) = preSolution
		HideSolutionNode = FALSE
	EndGlobalSection
EndGlobal
